// !$*UTF8*$!
{
	archiveVersion = 1;
	classes = {
	};
	objectVersion = 77;
	objects = {

/* Begin PBXContainerItemProxy section */
		F0080F282CB950C4008A99E8 /* PBXContainerItemProxy */ = {
			isa = PBXContainerItemProxy;
			containerPortal = F0080F092CB950C2008A99E8 /* Project object */;
			proxyType = 1;
			remoteGlobalIDString = F0080F102CB950C2008A99E8;
			remoteInfo = SportsEvents;
		};
		F0080F322CB950C4008A99E8 /* PBXContainerItemProxy */ = {
			isa = PBXContainerItemProxy;
			containerPortal = F0080F092CB950C2008A99E8 /* Project object */;
			proxyType = 1;
			remoteGlobalIDString = F0080F102CB950C2008A99E8;
			remoteInfo = SportsEvents;
		};
/* End PBXContainerItemProxy section */

/* Begin PBXFileReference section */
		F0080F112CB950C2008A99E8 /* SportsEvents.app */ = {isa = PBXFileReference; explicitFileType = wrapper.application; includeInIndex = 0; path = SportsEvents.app; sourceTree = BUILT_PRODUCTS_DIR; };
		F0080F272CB950C4008A99E8 /* SportsEventsTests.xctest */ = {isa = PBXFileReference; explicitFileType = wrapper.cfbundle; includeInIndex = 0; path = SportsEventsTests.xctest; sourceTree = BUILT_PRODUCTS_DIR; };
		F0080F312CB950C4008A99E8 /* SportsEventsUITests.xctest */ = {isa = PBXFileReference; explicitFileType = wrapper.cfbundle; includeInIndex = 0; path = SportsEventsUITests.xctest; sourceTree = BUILT_PRODUCTS_DIR; };
/* End PBXFileReference section */

/* Begin PBXFileSystemSynchronizedBuildFileExceptionSet section */
		F0080F392CB950C4008A99E8 /* Exceptions for "SportsEvents" folder in "SportsEvents" target */ = {
			isa = PBXFileSystemSynchronizedBuildFileExceptionSet;
			membershipExceptions = (
				Info.plist,
			);
			target = F0080F102CB950C2008A99E8 /* SportsEvents */;
		};
/* End PBXFileSystemSynchronizedBuildFileExceptionSet section */

/* Begin PBXFileSystemSynchronizedRootGroup section */
		F0080F132CB950C2008A99E8 /* SportsEvents */ = {
			isa = PBXFileSystemSynchronizedRootGroup;
			exceptions = (
				F0080F392CB950C4008A99E8 /* Exceptions for "SportsEvents" folder in "SportsEvents" target */,
			);
			path = SportsEvents;
			sourceTree = "<group>";
		};
		F0080F2A2CB950C4008A99E8 /* SportsEventsTests */ = {
			isa = PBXFileSystemSynchronizedRootGroup;
			path = SportsEventsTests;
			sourceTree = "<group>";
		};
		F0080F342CB950C4008A99E8 /* SportsEventsUITests */ = {
			isa = PBXFileSystemSynchronizedRootGroup;
			path = SportsEventsUITests;
			sourceTree = "<group>";
		};
/* End PBXFileSystemSynchronizedRootGroup section */

/* Begin PBXFrameworksBuildPhase section */
		F0080F0E2CB950C2008A99E8 /* Frameworks */ = {
			isa = PBXFrameworksBuildPhase;
			buildActionMask = 2147483647;
			files = (
			);
			runOnlyForDeploymentPostprocessing = 0;
		};
		F0080F242CB950C4008A99E8 /* Frameworks */ = {
			isa = PBXFrameworksBuildPhase;
			buildActionMask = 2147483647;
			files = (
			);
			runOnlyForDeploymentPostprocessing = 0;
		};
		F0080F2E2CB950C4008A99E8 /* Frameworks */ = {
			isa = PBXFrameworksBuildPhase;
			buildActionMask = 2147483647;
			files = (
			);
			runOnlyForDeploymentPostprocessing = 0;
		};
/* End PBXFrameworksBuildPhase section */

/* Begin PBXGroup section */
		F0080F082CB950C2008A99E8 = {
			isa = PBXGroup;
			children = (
				F0080F132CB950C2008A99E8 /* SportsEvents */,
				F0080F2A2CB950C4008A99E8 /* SportsEventsTests */,
				F0080F342CB950C4008A99E8 /* SportsEventsUITests */,
				F0080F122CB950C2008A99E8 /* Products */,
			);
			sourceTree = "<group>";
		};
		F0080F122CB950C2008A99E8 /* Products */ = {
			isa = PBXGroup;
			children = (
				F0080F112CB950C2008A99E8 /* SportsEvents.app */,
				F0080F272CB950C4008A99E8 /* SportsEventsTests.xctest */,
				F0080F312CB950C4008A99E8 /* SportsEventsUITests.xctest */,
			);
			name = Products;
			sourceTree = "<group>";
		};
/* End PBXGroup section */

/* Begin PBXNativeTarget section */
		F0080F102CB950C2008A99E8 /* SportsEvents */ = {
			isa = PBXNativeTarget;
			buildConfigurationList = F0080F3A2CB950C4008A99E8 /* Build configuration list for PBXNativeTarget "SportsEvents" */;
			buildPhases = (
				F0080F0D2CB950C2008A99E8 /* Sources */,
				F0080F0E2CB950C2008A99E8 /* Frameworks */,
				F0080F0F2CB950C2008A99E8 /* Resources */,
			);
			buildRules = (
			);
			dependencies = (
			);
			fileSystemSynchronizedGroups = (
				F0080F132CB950C2008A99E8 /* SportsEvents */,
			);
			name = SportsEvents;
			packageProductDependencies = (
			);
			productName = SportsEvents;
			productReference = F0080F112CB950C2008A99E8 /* SportsEvents.app */;
			productType = "com.apple.product-type.application";
		};
		F0080F262CB950C4008A99E8 /* SportsEventsTests */ = {
			isa = PBXNativeTarget;
			buildConfigurationList = F0080F3F2CB950C4008A99E8 /* Build configuration list for PBXNativeTarget "SportsEventsTests" */;
			buildPhases = (
				F0080F232CB950C4008A99E8 /* Sources */,
				F0080F242CB950C4008A99E8 /* Frameworks */,
				F0080F252CB950C4008A99E8 /* Resources */,
			);
			buildRules = (
			);
			dependencies = (
				F0080F292CB950C4008A99E8 /* PBXTargetDependency */,
			);
			fileSystemSynchronizedGroups = (
				F0080F2A2CB950C4008A99E8 /* SportsEventsTests */,
			);
			name = SportsEventsTests;
			packageProductDependencies = (
			);
			productName = SportsEventsTests;
			productReference = F0080F272CB950C4008A99E8 /* SportsEventsTests.xctest */;
			productType = "com.apple.product-type.bundle.unit-test";
		};
		F0080F302CB950C4008A99E8 /* SportsEventsUITests */ = {
			isa = PBXNativeTarget;
			buildConfigurationList = F0080F422CB950C4008A99E8 /* Build configuration list for PBXNativeTarget "SportsEventsUITests" */;
			buildPhases = (
				F0080F2D2CB950C4008A99E8 /* Sources */,
				F0080F2E2CB950C4008A99E8 /* Frameworks */,
				F0080F2F2CB950C4008A99E8 /* Resources */,
			);
			buildRules = (
			);
			dependencies = (
				F0080F332CB950C4008A99E8 /* PBXTargetDependency */,
			);
			fileSystemSynchronizedGroups = (
				F0080F342CB950C4008A99E8 /* SportsEventsUITests */,
			);
			name = SportsEventsUITests;
			packageProductDependencies = (
			);
			productName = SportsEventsUITests;
			productReference = F0080F312CB950C4008A99E8 /* SportsEventsUITests.xctest */;
			productType = "com.apple.product-type.bundle.ui-testing";
		};
/* End PBXNativeTarget section */

/* Begin PBXProject section */
		F0080F092CB950C2008A99E8 /* Project object */ = {
			isa = PBXProject;
			attributes = {
				BuildIndependentTargetsInParallel = 1;
				LastSwiftUpdateCheck = 1600;
				LastUpgradeCheck = 1600;
				TargetAttributes = {
					F0080F102CB950C2008A99E8 = {
						CreatedOnToolsVersion = 16.0;
					};
					F0080F262CB950C4008A99E8 = {
						CreatedOnToolsVersion = 16.0;
						TestTargetID = F0080F102CB950C2008A99E8;
					};
					F0080F302CB950C4008A99E8 = {
						CreatedOnToolsVersion = 16.0;
						TestTargetID = F0080F102CB950C2008A99E8;
					};
				};
			};
			buildConfigurationList = F0080F0C2CB950C2008A99E8 /* Build configuration list for PBXProject "SportsEvents" */;
			developmentRegion = en;
			hasScannedForEncodings = 0;
			knownRegions = (
				en,
				Base,
			);
			mainGroup = F0080F082CB950C2008A99E8;
			minimizedProjectReferenceProxies = 1;
			preferredProjectObjectVersion = 77;
			productRefGroup = F0080F122CB950C2008A99E8 /* Products */;
			projectDirPath = "";
			projectRoot = "";
			targets = (
				F0080F102CB950C2008A99E8 /* SportsEvents */,
				F0080F262CB950C4008A99E8 /* SportsEventsTests */,
				F0080F302CB950C4008A99E8 /* SportsEventsUITests */,
			);
		};
/* End PBXProject section */

/* Begin PBXResourcesBuildPhase section */
		F0080F0F2CB950C2008A99E8 /* Resources */ = {
			isa = PBXResourcesBuildPhase;
			buildActionMask = 2147483647;
			files = (
			);
			runOnlyForDeploymentPostprocessing = 0;
		};
		F0080F252CB950C4008A99E8 /* Resources */ = {
			isa = PBXResourcesBuildPhase;
			buildActionMask = 2147483647;
			files = (
			);
			runOnlyForDeploymentPostprocessing = 0;
		};
		F0080F2F2CB950C4008A99E8 /* Resources */ = {
			isa = PBXResourcesBuildPhase;
			buildActionMask = 2147483647;
			files = (
			);
			runOnlyForDeploymentPostprocessing = 0;
		};
/* End PBXResourcesBuildPhase section */

/* Begin PBXSourcesBuildPhase section */
		F0080F0D2CB950C2008A99E8 /* Sources */ = {
			isa = PBXSourcesBuildPhase;
			buildActionMask = 2147483647;
			files = (
			);
			runOnlyForDeploymentPostprocessing = 0;
		};
		F0080F232CB950C4008A99E8 /* Sources */ = {
			isa = PBXSourcesBuildPhase;
			buildActionMask = 2147483647;
			files = (
			);
			runOnlyForDeploymentPostprocessing = 0;
		};
		F0080F2D2CB950C4008A99E8 /* Sources */ = {
			isa = PBXSourcesBuildPhase;
			buildActionMask = 2147483647;
			files = (
			);
			runOnlyForDeploymentPostprocessing = 0;
		};
/* End PBXSourcesBuildPhase section */

/* Begin PBXTargetDependency section */
		F0080F292CB950C4008A99E8 /* PBXTargetDependency */ = {
			isa = PBXTargetDependency;
			target = F0080F102CB950C2008A99E8 /* SportsEvents */;
			targetProxy = F0080F282CB950C4008A99E8 /* PBXContainerItemProxy */;
		};
		F0080F332CB950C4008A99E8 /* PBXTargetDependency */ = {
			isa = PBXTargetDependency;
			target = F0080F102CB950C2008A99E8 /* SportsEvents */;
			targetProxy = F0080F322CB950C4008A99E8 /* PBXContainerItemProxy */;
		};
/* End PBXTargetDependency section */

/* Begin XCBuildConfiguration section */
		F0080F3B2CB950C4008A99E8 /* Debug */ = {
			isa = XCBuildConfiguration;
			buildSettings = {
				ASSETCATALOG_COMPILER_APPICON_NAME = AppIcon;
				ASSETCATALOG_COMPILER_GLOBAL_ACCENT_COLOR_NAME = AccentColor;
				CODE_SIGN_STYLE = Automatic;
				CURRENT_PROJECT_VERSION = 1;
				DEVELOPMENT_TEAM = UNBA7S3W5P;
				GENERATE_INFOPLIST_FILE = YES;
				INFOPLIST_FILE = SportsEvents/Info.plist;
				INFOPLIST_KEY_UIApplicationSupportsIndirectInputEvents = YES;
				INFOPLIST_KEY_UILaunchStoryboardName = LaunchScreen;
				INFOPLIST_KEY_UIMainStoryboardFile = Main;
				INFOPLIST_KEY_UISupportedInterfaceOrientations_iPad = "UIInterfaceOrientationPortrait UIInterfaceOrientationPortraitUpsideDown UIInterfaceOrientationLandscapeLeft UIInterfaceOrientationLandscapeRight";
				INFOPLIST_KEY_UISupportedInterfaceOrientations_iPhone = "UIInterfaceOrientationPortrait UIInterfaceOrientationLandscapeLeft UIInterfaceOrientationLandscapeRight";
				IPHONEOS_DEPLOYMENT_TARGET = 17.0;
				LD_RUNPATH_SEARCH_PATHS = (
					"$(inherited)",
					"@executable_path/Frameworks",
				);
				MARKETING_VERSION = 1.0;
				PRODUCT_BUNDLE_IDENTIFIER = com.luizvasconcellos.SportsEvents;
				PRODUCT_NAME = "$(TARGET_NAME)";
				SUPPORTED_PLATFORMS = "iphoneos iphonesimulator";
				SUPPORTS_MACCATALYST = NO;
				SUPPORTS_XR_DESIGNED_FOR_IPHONE_IPAD = NO;
				SWIFT_EMIT_LOC_STRINGS = YES;
				SWIFT_VERSION = 5.0;
				TARGETED_DEVICE_FAMILY = "1,2";
			};
			name = Debug;
		};
		F0080F3C2CB950C4008A99E8 /* Release */ = {
			isa = XCBuildConfiguration;
			buildSettings = {
				ASSETCATALOG_COMPILER_APPICON_NAME = AppIcon;
				ASSETCATALOG_COMPILER_GLOBAL_ACCENT_COLOR_NAME = AccentColor;
				CODE_SIGN_STYLE = Automatic;
				CURRENT_PROJECT_VERSION = 1;
				DEVELOPMENT_TEAM = UNBA7S3W5P;
				GENERATE_INFOPLIST_FILE = YES;
				INFOPLIST_FILE = SportsEvents/Info.plist;
				INFOPLIST_KEY_UIApplicationSupportsIndirectInputEvents = YES;
				INFOPLIST_KEY_UILaunchStoryboardName = LaunchScreen;
				INFOPLIST_KEY_UIMainStoryboardFile = Main;
				INFOPLIST_KEY_UISupportedInterfaceOrientations_iPad = "UIInterfaceOrientationPortrait UIInterfaceOrientationPortraitUpsideDown UIInterfaceOrientationLandscapeLeft UIInterfaceOrientationLandscapeRight";
				INFOPLIST_KEY_UISupportedInterfaceOrientations_iPhone = "UIInterfaceOrientationPortrait UIInterfaceOrientationLandscapeLeft UIInterfaceOrientationLandscapeRight";
				IPHONEOS_DEPLOYMENT_TARGET = 17.0;
				LD_RUNPATH_SEARCH_PATHS = (
					"$(inherited)",
					"@executable_path/Frameworks",
				);
				MARKETING_VERSION = 1.0;
				PRODUCT_BUNDLE_IDENTIFIER = com.luizvasconcellos.SportsEvents;
				PRODUCT_NAME = "$(TARGET_NAME)";
				SUPPORTED_PLATFORMS = "iphoneos iphonesimulator";
				SUPPORTS_MACCATALYST = NO;
				SUPPORTS_XR_DESIGNED_FOR_IPHONE_IPAD = NO;
				SWIFT_EMIT_LOC_STRINGS = YES;
				SWIFT_VERSION = 5.0;
				TARGETED_DEVICE_FAMILY = "1,2";
			};
			name = Release;
		};
		F0080F3D2CB950C4008A99E8 /* Debug */ = {
			isa = XCBuildConfiguration;
			buildSettings = {
				ALWAYS_SEARCH_USER_PATHS = NO;
				ASSETCATALOG_COMPILER_GENERATE_SWIFT_ASSET_SYMBOL_EXTENSIONS = YES;
				CLANG_ANALYZER_NONNULL = YES;
				CLANG_ANALYZER_NUMBER_OBJECT_CONVERSION = YES_AGGRESSIVE;
				CLANG_CXX_LANGUAGE_STANDARD = "gnu++20";
				CLANG_ENABLE_MODULES = YES;
				CLANG_ENABLE_OBJC_ARC = YES;
				CLANG_ENABLE_OBJC_WEAK = YES;
				CLANG_WARN_BLOCK_CAPTURE_AUTORELEASING = YES;
				CLANG_WARN_BOOL_CONVERSION = YES;
				CLANG_WARN_COMMA = YES;
				CLANG_WARN_CONSTANT_CONVERSION = YES;
				CLANG_WARN_DEPRECATED_OBJC_IMPLEMENTATIONS = YES;
				CLANG_WARN_DIRECT_OBJC_ISA_USAGE = YES_ERROR;
				CLANG_WARN_DOCUMENTATION_COMMENTS = YES;
				CLANG_WARN_EMPTY_BODY = YES;
				CLANG_WARN_ENUM_CONVERSION = YES;
				CLANG_WARN_INFINITE_RECURSION = YES;
				CLANG_WARN_INT_CONVERSION = YES;
				CLANG_WARN_NON_LITERAL_NULL_CONVERSION = YES;
				CLANG_WARN_OBJC_IMPLICIT_RETAIN_SELF = YES;
				CLANG_WARN_OBJC_LITERAL_CONVERSION = YES;
				CLANG_WARN_OBJC_ROOT_CLASS = YES_ERROR;
				CLANG_WARN_QUOTED_INCLUDE_IN_FRAMEWORK_HEADER = YES;
				CLANG_WARN_RANGE_LOOP_ANALYSIS = YES;
				CLANG_WARN_STRICT_PROTOTYPES = YES;
				CLANG_WARN_SUSPICIOUS_MOVE = YES;
				CLANG_WARN_UNGUARDED_AVAILABILITY = YES_AGGRESSIVE;
				CLANG_WARN_UNREACHABLE_CODE = YES;
				CLANG_WARN__DUPLICATE_METHOD_MATCH = YES;
				COPY_PHASE_STRIP = NO;
				DEBUG_INFORMATION_FORMAT = dwarf;
				ENABLE_STRICT_OBJC_MSGSEND = YES;
				ENABLE_TESTABILITY = YES;
				ENABLE_USER_SCRIPT_SANDBOXING = YES;
				GCC_C_LANGUAGE_STANDARD = gnu17;
				GCC_DYNAMIC_NO_PIC = NO;
				GCC_NO_COMMON_BLOCKS = YES;
				GCC_OPTIMIZATION_LEVEL = 0;
				GCC_PREPROCESSOR_DEFINITIONS = (
					"DEBUG=1",
					"$(inherited)",
				);
				GCC_WARN_64_TO_32_BIT_CONVERSION = YES;
				GCC_WARN_ABOUT_RETURN_TYPE = YES_ERROR;
				GCC_WARN_UNDECLARED_SELECTOR = YES;
				GCC_WARN_UNINITIALIZED_AUTOS = YES_AGGRESSIVE;
				GCC_WARN_UNUSED_FUNCTION = YES;
				GCC_WARN_UNUSED_VARIABLE = YES;
				IPHONEOS_DEPLOYMENT_TARGET = 18.0;
				LOCALIZATION_PREFERS_STRING_CATALOGS = YES;
				MTL_ENABLE_DEBUG_INFO = INCLUDE_SOURCE;
				MTL_FAST_MATH = YES;
				ONLY_ACTIVE_ARCH = YES;
				SDKROOT = iphoneos;
				SWIFT_ACTIVE_COMPILATION_CONDITIONS = "DEBUG $(inherited)";
				SWIFT_OPTIMIZATION_LEVEL = "-Onone";
			};
			name = Debug;
		};
		F0080F3E2CB950C4008A99E8 /* Release */ = {
			isa = XCBuildConfiguration;
			buildSettings = {
				ALWAYS_SEARCH_USER_PATHS = NO;
				ASSETCATALOG_COMPILER_GENERATE_SWIFT_ASSET_SYMBOL_EXTENSIONS = YES;
				CLANG_ANALYZER_NONNULL = YES;
				CLANG_ANALYZER_NUMBER_OBJECT_CONVERSION = YES_AGGRESSIVE;
				CLANG_CXX_LANGUAGE_STANDARD = "gnu++20";
				CLANG_ENABLE_MODULES = YES;
				CLANG_ENABLE_OBJC_ARC = YES;
				CLANG_ENABLE_OBJC_WEAK = YES;
				CLANG_WARN_BLOCK_CAPTURE_AUTORELEASING = YES;
				CLANG_WARN_BOOL_CONVERSION = YES;
				CLANG_WARN_COMMA = YES;
				CLANG_WARN_CONSTANT_CONVERSION = YES;
				CLANG_WARN_DEPRECATED_OBJC_IMPLEMENTATIONS = YES;
				CLANG_WARN_DIRECT_OBJC_ISA_USAGE = YES_ERROR;
				CLANG_WARN_DOCUMENTATION_COMMENTS = YES;
				CLANG_WARN_EMPTY_BODY = YES;
				CLANG_WARN_ENUM_CONVERSION = YES;
				CLANG_WARN_INFINITE_RECURSION = YES;
				CLANG_WARN_INT_CONVERSION = YES;
				CLANG_WARN_NON_LITERAL_NULL_CONVERSION = YES;
				CLANG_WARN_OBJC_IMPLICIT_RETAIN_SELF = YES;
				CLANG_WARN_OBJC_LITERAL_CONVERSION = YES;
				CLANG_WARN_OBJC_ROOT_CLASS = YES_ERROR;
				CLANG_WARN_QUOTED_INCLUDE_IN_FRAMEWORK_HEADER = YES;
				CLANG_WARN_RANGE_LOOP_ANALYSIS = YES;
				CLANG_WARN_STRICT_PROTOTYPES = YES;
				CLANG_WARN_SUSPICIOUS_MOVE = YES;
				CLANG_WARN_UNGUARDED_AVAILABILITY = YES_AGGRESSIVE;
				CLANG_WARN_UNREACHABLE_CODE = YES;
				CLANG_WARN__DUPLICATE_METHOD_MATCH = YES;
				COPY_PHASE_STRIP = NO;
				DEBUG_INFORMATION_FORMAT = "dwarf-with-dsym";
				ENABLE_NS_ASSERTIONS = NO;
				ENABLE_STRICT_OBJC_MSGSEND = YES;
				ENABLE_USER_SCRIPT_SANDBOXING = YES;
				GCC_C_LANGUAGE_STANDARD = gnu17;
				GCC_NO_COMMON_BLOCKS = YES;
				GCC_WARN_64_TO_32_BIT_CONVERSION = YES;
				GCC_WARN_ABOUT_RETURN_TYPE = YES_ERROR;
				GCC_WARN_UNDECLARED_SELECTOR = YES;
				GCC_WARN_UNINITIALIZED_AUTOS = YES_AGGRESSIVE;
				GCC_WARN_UNUSED_FUNCTION = YES;
				GCC_WARN_UNUSED_VARIABLE = YES;
				IPHONEOS_DEPLOYMENT_TARGET = 18.0;
				LOCALIZATION_PREFERS_STRING_CATALOGS = YES;
				MTL_ENABLE_DEBUG_INFO = NO;
				MTL_FAST_MATH = YES;
				SDKROOT = iphoneos;
				SWIFT_COMPILATION_MODE = wholemodule;
				VALIDATE_PRODUCT = YES;
			};
			name = Release;
		};
		F0080F402CB950C4008A99E8 /* Debug */ = {
			isa = XCBuildConfiguration;
			buildSettings = {
				BUNDLE_LOADER = "$(TEST_HOST)";
				CODE_SIGN_STYLE = Automatic;
				CURRENT_PROJECT_VERSION = 1;
				DEVELOPMENT_TEAM = UNBA7S3W5P;
				GENERATE_INFOPLIST_FILE = YES;
				IPHONEOS_DEPLOYMENT_TARGET = 18.0;
				MARKETING_VERSION = 1.0;
				PRODUCT_BUNDLE_IDENTIFIER = com.luizvasconcellos.SportsEventsTests;
				PRODUCT_NAME = "$(TARGET_NAME)";
				SWIFT_EMIT_LOC_STRINGS = NO;
				SWIFT_VERSION = 5.0;
				TARGETED_DEVICE_FAMILY = "1,2";
				TEST_HOST = "$(BUILT_PRODUCTS_DIR)/SportsEvents.app/$(BUNDLE_EXECUTABLE_FOLDER_PATH)/SportsEvents";
			};
			name = Debug;
		};
		F0080F412CB950C4008A99E8 /* Release */ = {
			isa = XCBuildConfiguration;
			buildSettings = {
				BUNDLE_LOADER = "$(TEST_HOST)";
				CODE_SIGN_STYLE = Automatic;
				CURRENT_PROJECT_VERSION = 1;
				DEVELOPMENT_TEAM = UNBA7S3W5P;
				GENERATE_INFOPLIST_FILE = YES;
				IPHONEOS_DEPLOYMENT_TARGET = 18.0;
				MARKETING_VERSION = 1.0;
				PRODUCT_BUNDLE_IDENTIFIER = com.luizvasconcellos.SportsEventsTests;
				PRODUCT_NAME = "$(TARGET_NAME)";
				SWIFT_EMIT_LOC_STRINGS = NO;
				SWIFT_VERSION = 5.0;
				TARGETED_DEVICE_FAMILY = "1,2";
				TEST_HOST = "$(BUILT_PRODUCTS_DIR)/SportsEvents.app/$(BUNDLE_EXECUTABLE_FOLDER_PATH)/SportsEvents";
			};
			name = Release;
		};
		F0080F432CB950C4008A99E8 /* Debug */ = {
			isa = XCBuildConfiguration;
			buildSettings = {
				CODE_SIGN_STYLE = Automatic;
				CURRENT_PROJECT_VERSION = 1;
				DEVELOPMENT_TEAM = UNBA7S3W5P;
				GENERATE_INFOPLIST_FILE = YES;
				MARKETING_VERSION = 1.0;
				PRODUCT_BUNDLE_IDENTIFIER = com.luizvasconcellos.SportsEventsUITests;
				PRODUCT_NAME = "$(TARGET_NAME)";
				SWIFT_EMIT_LOC_STRINGS = NO;
				SWIFT_VERSION = 5.0;
				TARGETED_DEVICE_FAMILY = "1,2";
				TEST_TARGET_NAME = SportsEvents;
			};
			name = Debug;
		};
		F0080F442CB950C4008A99E8 /* Release */ = {
			isa = XCBuildConfiguration;
			buildSettings = {
				CODE_SIGN_STYLE = Automatic;
				CURRENT_PROJECT_VERSION = 1;
				DEVELOPMENT_TEAM = UNBA7S3W5P;
				GENERATE_INFOPLIST_FILE = YES;
				MARKETING_VERSION = 1.0;
				PRODUCT_BUNDLE_IDENTIFIER = com.luizvasconcellos.SportsEventsUITests;
				PRODUCT_NAME = "$(TARGET_NAME)";
				SWIFT_EMIT_LOC_STRINGS = NO;
				SWIFT_VERSION = 5.0;
				TARGETED_DEVICE_FAMILY = "1,2";
				TEST_TARGET_NAME = SportsEvents;
			};
			name = Release;
		};
/* End XCBuildConfiguration section */

/* Begin XCConfigurationList section */
		F0080F0C2CB950C2008A99E8 /* Build configuration list for PBXProject "SportsEvents" */ = {
			isa = XCConfigurationList;
			buildConfigurations = (
				F0080F3D2CB950C4008A99E8 /* Debug */,
				F0080F3E2CB950C4008A99E8 /* Release */,
			);
			defaultConfigurationIsVisible = 0;
			defaultConfigurationName = Release;
		};
		F0080F3A2CB950C4008A99E8 /* Build configuration list for PBXNativeTarget "SportsEvents" */ = {
			isa = XCConfigurationList;
			buildConfigurations = (
				F0080F3B2CB950C4008A99E8 /* Debug */,
				F0080F3C2CB950C4008A99E8 /* Release */,
			);
			defaultConfigurationIsVisible = 0;
			defaultConfigurationName = Release;
		};
		F0080F3F2CB950C4008A99E8 /* Build configuration list for PBXNativeTarget "SportsEventsTests" */ = {
			isa = XCConfigurationList;
			buildConfigurations = (
				F0080F402CB950C4008A99E8 /* Debug */,
				F0080F412CB950C4008A99E8 /* Release */,
			);
			defaultConfigurationIsVisible = 0;
			defaultConfigurationName = Release;
		};
		F0080F422CB950C4008A99E8 /* Build configuration list for PBXNativeTarget "SportsEventsUITests" */ = {
			isa = XCConfigurationList;
			buildConfigurations = (
				F0080F432CB950C4008A99E8 /* Debug */,
				F0080F442CB950C4008A99E8 /* Release */,
			);
			defaultConfigurationIsVisible = 0;
			defaultConfigurationName = Release;
		};
/* End XCConfigurationList section */
	};
	rootObject = F0080F092CB950C2008A99E8 /* Project object */;
}
